// !$*UTF8*$!
{
	archiveVersion = 1;
	classes = {
	};
	objectVersion = 56;
	objects = {

/* Begin PBXBuildFile section */
		924B1B898B5D06EECCCC26A1 /* Pods_ExHealthKit.framework in Frameworks */ = {isa = PBXBuildFile; fileRef = 5D99BECC7FC8324DE4FBFB6E /* Pods_ExHealthKit.framework */; };
		BDAF32D42978C49F00F39930 /* AppDelegate.swift in Sources */ = {isa = PBXBuildFile; fileRef = BDAF32D32978C49F00F39930 /* AppDelegate.swift */; };
		BDAF32D62978C49F00F39930 /* SceneDelegate.swift in Sources */ = {isa = PBXBuildFile; fileRef = BDAF32D52978C49F00F39930 /* SceneDelegate.swift */; };
		BDAF32D82978C49F00F39930 /* ViewController.swift in Sources */ = {isa = PBXBuildFile; fileRef = BDAF32D72978C49F00F39930 /* ViewController.swift */; };
		BDAF32DB2978C49F00F39930 /* Main.storyboard in Resources */ = {isa = PBXBuildFile; fileRef = BDAF32D92978C49F00F39930 /* Main.storyboard */; };
		BDAF32DD2978C4A000F39930 /* Assets.xcassets in Resources */ = {isa = PBXBuildFile; fileRef = BDAF32DC2978C4A000F39930 /* Assets.xcassets */; };
		BDAF32E02978C4A000F39930 /* LaunchScreen.storyboard in Resources */ = {isa = PBXBuildFile; fileRef = BDAF32DE2978C4A000F39930 /* LaunchScreen.storyboard */; };
/* End PBXBuildFile section */

/* Begin PBXFileReference section */
		2794C380898730302F7F9B4F /* Pods-ExHealthKit.release.xcconfig */ = {isa = PBXFileReference; includeInIndex = 1; lastKnownFileType = text.xcconfig; name = "Pods-ExHealthKit.release.xcconfig"; path = "Target Support Files/Pods-ExHealthKit/Pods-ExHealthKit.release.xcconfig"; sourceTree = "<group>"; };
		5D99BECC7FC8324DE4FBFB6E /* Pods_ExHealthKit.framework */ = {isa = PBXFileReference; explicitFileType = wrapper.framework; includeInIndex = 0; path = Pods_ExHealthKit.framework; sourceTree = BUILT_PRODUCTS_DIR; };
		BDAF32D02978C49F00F39930 /* ExHealthKit.app */ = {isa = PBXFileReference; explicitFileType = wrapper.application; includeInIndex = 0; path = ExHealthKit.app; sourceTree = BUILT_PRODUCTS_DIR; };
		BDAF32D32978C49F00F39930 /* AppDelegate.swift */ = {isa = PBXFileReference; lastKnownFileType = sourcecode.swift; path = AppDelegate.swift; sourceTree = "<group>"; };
		BDAF32D52978C49F00F39930 /* SceneDelegate.swift */ = {isa = PBXFileReference; lastKnownFileType = sourcecode.swift; path = SceneDelegate.swift; sourceTree = "<group>"; };
		BDAF32D72978C49F00F39930 /* ViewController.swift */ = {isa = PBXFileReference; lastKnownFileType = sourcecode.swift; path = ViewController.swift; sourceTree = "<group>"; };
		BDAF32DA2978C49F00F39930 /* Base */ = {isa = PBXFileReference; lastKnownFileType = file.storyboard; name = Base; path = Base.lproj/Main.storyboard; sourceTree = "<group>"; };
		BDAF32DC2978C4A000F39930 /* Assets.xcassets */ = {isa = PBXFileReference; lastKnownFileType = folder.assetcatalog; path = Assets.xcassets; sourceTree = "<group>"; };
		BDAF32DF2978C4A000F39930 /* Base */ = {isa = PBXFileReference; lastKnownFileType = file.storyboard; name = Base; path = Base.lproj/LaunchScreen.storyboard; sourceTree = "<group>"; };
		BDAF32E12978C4A000F39930 /* Info.plist */ = {isa = PBXFileReference; lastKnownFileType = text.plist.xml; path = Info.plist; sourceTree = "<group>"; };
		D109992FCB7DBCC81AF65A0E /* Pods-ExHealthKit.debug.xcconfig */ = {isa = PBXFileReference; includeInIndex = 1; lastKnownFileType = text.xcconfig; name = "Pods-ExHealthKit.debug.xcconfig"; path = "Target Support Files/Pods-ExHealthKit/Pods-ExHealthKit.debug.xcconfig"; sourceTree = "<group>"; };
/* End PBXFileReference section */

/* Begin PBXFrameworksBuildPhase section */
		BDAF32CD2978C49F00F39930 /* Frameworks */ = {
			isa = PBXFrameworksBuildPhase;
			buildActionMask = 2147483647;
			files = (
				924B1B898B5D06EECCCC26A1 /* Pods_ExHealthKit.framework in Frameworks */,
			);
			runOnlyForDeploymentPostprocessing = 0;
		};
/* End PBXFrameworksBuildPhase section */

/* Begin PBXGroup section */
		4C15FB1F21ABA8C8D51AB9CD /* Frameworks */ = {
			isa = PBXGroup;
			children = (
				5D99BECC7FC8324DE4FBFB6E /* Pods_ExHealthKit.framework */,
			);
			name = Frameworks;
			sourceTree = "<group>";
		};
		819248EC2AABE8B4F5183F6C /* Pods */ = {
			isa = PBXGroup;
			children = (
				D109992FCB7DBCC81AF65A0E /* Pods-ExHealthKit.debug.xcconfig */,
				2794C380898730302F7F9B4F /* Pods-ExHealthKit.release.xcconfig */,
			);
			name = Pods;
			path = Pods;
			sourceTree = "<group>";
		};
		BDAF32C72978C49F00F39930 = {
			isa = PBXGroup;
			children = (
				BDAF32D22978C49F00F39930 /* ExHealthKit */,
				BDAF32D12978C49F00F39930 /* Products */,
				819248EC2AABE8B4F5183F6C /* Pods */,
				4C15FB1F21ABA8C8D51AB9CD /* Frameworks */,
			);
			sourceTree = "<group>";
		};
		BDAF32D12978C49F00F39930 /* Products */ = {
			isa = PBXGroup;
			children = (
				BDAF32D02978C49F00F39930 /* ExHealthKit.app */,
			);
			name = Products;
			sourceTree = "<group>";
		};
		BDAF32D22978C49F00F39930 /* ExHealthKit */ = {
			isa = PBXGroup;
			children = (
				BDAF32D32978C49F00F39930 /* AppDelegate.swift */,
				BDAF32D52978C49F00F39930 /* SceneDelegate.swift */,
				BDAF32D72978C49F00F39930 /* ViewController.swift */,
				BDAF32D92978C49F00F39930 /* Main.storyboard */,
				BDAF32DC2978C4A000F39930 /* Assets.xcassets */,
				BDAF32DE2978C4A000F39930 /* LaunchScreen.storyboard */,
				BDAF32E12978C4A000F39930 /* Info.plist */,
			);
			path = ExHealthKit;
			sourceTree = "<group>";
		};
/* End PBXGroup section */

/* Begin PBXNativeTarget section */
		BDAF32CF2978C49F00F39930 /* ExHealthKit */ = {
			isa = PBXNativeTarget;
			buildConfigurationList = BDAF32E42978C4A000F39930 /* Build configuration list for PBXNativeTarget "ExHealthKit" */;
			buildPhases = (
				7A7C52ABE3DB1761E38F9473 /* [CP] Check Pods Manifest.lock */,
				BDAF32CC2978C49F00F39930 /* Sources */,
				BDAF32CD2978C49F00F39930 /* Frameworks */,
				BDAF32CE2978C49F00F39930 /* Resources */,
				A7BFA345A246F8BB5B9E7CF1 /* [CP] Embed Pods Frameworks */,
			);
			buildRules = (
			);
			dependencies = (
			);
			name = ExHealthKit;
			productName = ExHealthKit;
			productReference = BDAF32D02978C49F00F39930 /* ExHealthKit.app */;
			productType = "com.apple.product-type.application";
		};
/* End PBXNativeTarget section */

/* Begin PBXProject section */
		BDAF32C82978C49F00F39930 /* Project object */ = {
			isa = PBXProject;
			attributes = {
				BuildIndependentTargetsInParallel = 1;
				LastSwiftUpdateCheck = 1410;
				LastUpgradeCheck = 1410;
				TargetAttributes = {
					BDAF32CF2978C49F00F39930 = {
						CreatedOnToolsVersion = 14.1;
					};
				};
			};
			buildConfigurationList = BDAF32CB2978C49F00F39930 /* Build configuration list for PBXProject "ExHealthKit" */;
			compatibilityVersion = "Xcode 14.0";
			developmentRegion = en;
			hasScannedForEncodings = 0;
			knownRegions = (
				en,
				Base,
			);
			mainGroup = BDAF32C72978C49F00F39930;
			productRefGroup = BDAF32D12978C49F00F39930 /* Products */;
			projectDirPath = "";
			projectRoot = "";
			targets = (
				BDAF32CF2978C49F00F39930 /* ExHealthKit */,
			);
		};
/* End PBXProject section */

/* Begin PBXResourcesBuildPhase section */
		BDAF32CE2978C49F00F39930 /* Resources */ = {
			isa = PBXResourcesBuildPhase;
			buildActionMask = 2147483647;
			files = (
				BDAF32E02978C4A000F39930 /* LaunchScreen.storyboard in Resources */,
				BDAF32DD2978C4A000F39930 /* Assets.xcassets in Resources */,
				BDAF32DB2978C49F00F39930 /* Main.storyboard in Resources */,
			);
			runOnlyForDeploymentPostprocessing = 0;
		};
/* End PBXResourcesBuildPhase section */

/* Begin PBXShellScriptBuildPhase section */
		7A7C52ABE3DB1761E38F9473 /* [CP] Check Pods Manifest.lock */ = {
			isa = PBXShellScriptBuildPhase;
			buildActionMask = 2147483647;
			files = (
			);
			inputFileListPaths = (
			);
			inputPaths = (
				"${PODS_PODFILE_DIR_PATH}/Podfile.lock",
				"${PODS_ROOT}/Manifest.lock",
			);
			name = "[CP] Check Pods Manifest.lock";
			outputFileListPaths = (
			);
			outputPaths = (
				"$(DERIVED_FILE_DIR)/Pods-ExHealthKit-checkManifestLockResult.txt",
			);
			runOnlyForDeploymentPostprocessing = 0;
			shellPath = /bin/sh;
			shellScript = "diff \"${PODS_PODFILE_DIR_PATH}/Podfile.lock\" \"${PODS_ROOT}/Manifest.lock\" > /dev/null\nif [ $? != 0 ] ; then\n    # print error to STDERR\n    echo \"error: The sandbox is not in sync with the Podfile.lock. Run 'pod install' or update your CocoaPods installation.\" >&2\n    exit 1\nfi\n# This output is used by Xcode 'outputs' to avoid re-running this script phase.\necho \"SUCCESS\" > \"${SCRIPT_OUTPUT_FILE_0}\"\n";
			showEnvVarsInLog = 0;
		};
		A7BFA345A246F8BB5B9E7CF1 /* [CP] Embed Pods Frameworks */ = {
			isa = PBXShellScriptBuildPhase;
			buildActionMask = 2147483647;
			files = (
			);
			inputFileListPaths = (
				"${PODS_ROOT}/Target Support Files/Pods-ExHealthKit/Pods-ExHealthKit-frameworks-${CONFIGURATION}-input-files.xcfilelist",
			);
			name = "[CP] Embed Pods Frameworks";
			outputFileListPaths = (
				"${PODS_ROOT}/Target Support Files/Pods-ExHealthKit/Pods-ExHealthKit-frameworks-${CONFIGURATION}-output-files.xcfilelist",
			);
			runOnlyForDeploymentPostprocessing = 0;
			shellPath = /bin/sh;
			shellScript = "\"${PODS_ROOT}/Target Support Files/Pods-ExHealthKit/Pods-ExHealthKit-frameworks.sh\"\n";
			showEnvVarsInLog = 0;
		};
/* End PBXShellScriptBuildPhase section */

/* Begin PBXSourcesBuildPhase section */
		BDAF32CC2978C49F00F39930 /* Sources */ = {
			isa = PBXSourcesBuildPhase;
			buildActionMask = 2147483647;
			files = (
				BDAF32D82978C49F00F39930 /* ViewController.swift in Sources */,
				BDAF32D42978C49F00F39930 /* AppDelegate.swift in Sources */,
				BDAF32D62978C49F00F39930 /* SceneDelegate.swift in Sources */,
			);
			runOnlyForDeploymentPostprocessing = 0;
		};
/* End PBXSourcesBuildPhase section */

/* Begin PBXVariantGroup section */
		BDAF32D92978C49F00F39930 /* Main.storyboard */ = {
			isa = PBXVariantGroup;
			children = (
				BDAF32DA2978C49F00F39930 /* Base */,
			);
			name = Main.storyboard;
			sourceTree = "<group>";
		};
		BDAF32DE2978C4A000F39930 /* LaunchScreen.storyboard */ = {
			isa = PBXVariantGroup;
			children = (
				BDAF32DF2978C4A000F39930 /* Base */,
			);
			name = LaunchScreen.storyboard;
			sourceTree = "<group>";
		};
/* End PBXVariantGroup section */

/* Begin XCBuildConfiguration section */
		BDAF32E22978C4A000F39930 /* Debug */ = {
			isa = XCBuildConfiguration;
			buildSettings = {
				ALWAYS_SEARCH_USER_PATHS = NO;
				CLANG_ANALYZER_NONNULL = YES;
				CLANG_ANALYZER_NUMBER_OBJECT_CONVERSION = YES_AGGRESSIVE;
				CLANG_CXX_LANGUAGE_STANDARD = "gnu++20";
				CLANG_ENABLE_MODULES = YES;
				CLANG_ENABLE_OBJC_ARC = YES;
				CLANG_ENABLE_OBJC_WEAK = YES;
				CLANG_WARN_BLOCK_CAPTURE_AUTORELEASING = YES;
				CLANG_WARN_BOOL_CONVERSION = YES;
				CLANG_WARN_COMMA = YES;
				CLANG_WARN_CONSTANT_CONVERSION = YES;
				CLANG_WARN_DEPRECATED_OBJC_IMPLEMENTATIONS = YES;
				CLANG_WARN_DIRECT_OBJC_ISA_USAGE = YES_ERROR;
				CLANG_WARN_DOCUMENTATION_COMMENTS = YES;
				CLANG_WARN_EMPTY_BODY = YES;
				CLANG_WARN_ENUM_CONVERSION = YES;
				CLANG_WARN_INFINITE_RECURSION = YES;
				CLANG_WARN_INT_CONVERSION = YES;
				CLANG_WARN_NON_LITERAL_NULL_CONVERSION = YES;
				CLANG_WARN_OBJC_IMPLICIT_RETAIN_SELF = YES;
				CLANG_WARN_OBJC_LITERAL_CONVERSION = YES;
				CLANG_WARN_OBJC_ROOT_CLASS = YES_ERROR;
				CLANG_WARN_QUOTED_INCLUDE_IN_FRAMEWORK_HEADER = YES;
				CLANG_WARN_RANGE_LOOP_ANALYSIS = YES;
				CLANG_WARN_STRICT_PROTOTYPES = YES;
				CLANG_WARN_SUSPICIOUS_MOVE = YES;
				CLANG_WARN_UNGUARDED_AVAILABILITY = YES_AGGRESSIVE;
				CLANG_WARN_UNREACHABLE_CODE = YES;
				CLANG_WARN__DUPLICATE_METHOD_MATCH = YES;
				COPY_PHASE_STRIP = NO;
				DEBUG_INFORMATION_FORMAT = dwarf;
				ENABLE_STRICT_OBJC_MSGSEND = YES;
				ENABLE_TESTABILITY = YES;
				GCC_C_LANGUAGE_STANDARD = gnu11;
				GCC_DYNAMIC_NO_PIC = NO;
				GCC_NO_COMMON_BLOCKS = YES;
				GCC_OPTIMIZATION_LEVEL = 0;
				GCC_PREPROCESSOR_DEFINITIONS = (
					"DEBUG=1",
					"$(inherited)",
				);
				GCC_WARN_64_TO_32_BIT_CONVERSION = YES;
				GCC_WARN_ABOUT_RETURN_TYPE = YES_ERROR;
				GCC_WARN_UNDECLARED_SELECTOR = YES;
				GCC_WARN_UNINITIALIZED_AUTOS = YES_AGGRESSIVE;
				GCC_WARN_UNUSED_FUNCTION = YES;
				GCC_WARN_UNUSED_VARIABLE = YES;
				IPHONEOS_DEPLOYMENT_TARGET = 16.1;
				MTL_ENABLE_DEBUG_INFO = INCLUDE_SOURCE;
				MTL_FAST_MATH = YES;
				ONLY_ACTIVE_ARCH = YES;
				SDKROOT = iphoneos;
				SWIFT_ACTIVE_COMPILATION_CONDITIONS = DEBUG;
				SWIFT_OPTIMIZATION_LEVEL = "-Onone";
			};
			name = Debug;
		};
		BDAF32E32978C4A000F39930 /* Release */ = {
			isa = XCBuildConfiguration;
			buildSettings = {
				ALWAYS_SEARCH_USER_PATHS = NO;
				CLANG_ANALYZER_NONNULL = YES;
				CLANG_ANALYZER_NUMBER_OBJECT_CONVERSION = YES_AGGRESSIVE;
				CLANG_CXX_LANGUAGE_STANDARD = "gnu++20";
				CLANG_ENABLE_MODULES = YES;
				CLANG_ENABLE_OBJC_ARC = YES;
				CLANG_ENABLE_OBJC_WEAK = YES;
				CLANG_WARN_BLOCK_CAPTURE_AUTORELEASING = YES;
				CLANG_WARN_BOOL_CONVERSION = YES;
				CLANG_WARN_COMMA = YES;
				CLANG_WARN_CONSTANT_CONVERSION = YES;
				CLANG_WARN_DEPRECATED_OBJC_IMPLEMENTATIONS = YES;
				CLANG_WARN_DIRECT_OBJC_ISA_USAGE = YES_ERROR;
				CLANG_WARN_DOCUMENTATION_COMMENTS = YES;
				CLANG_WARN_EMPTY_BODY = YES;
				CLANG_WARN_ENUM_CONVERSION = YES;
				CLANG_WARN_INFINITE_RECURSION = YES;
				CLANG_WARN_INT_CONVERSION = YES;
				CLANG_WARN_NON_LITERAL_NULL_CONVERSION = YES;
				CLANG_WARN_OBJC_IMPLICIT_RETAIN_SELF = YES;
				CLANG_WARN_OBJC_LITERAL_CONVERSION = YES;
				CLANG_WARN_OBJC_ROOT_CLASS = YES_ERROR;
				CLANG_WARN_QUOTED_INCLUDE_IN_FRAMEWORK_HEADER = YES;
				CLANG_WARN_RANGE_LOOP_ANALYSIS = YES;
				CLANG_WARN_STRICT_PROTOTYPES = YES;
				CLANG_WARN_SUSPICIOUS_MOVE = YES;
				CLANG_WARN_UNGUARDED_AVAILABILITY = YES_AGGRESSIVE;
				CLANG_WARN_UNREACHABLE_CODE = YES;
				CLANG_WARN__DUPLICATE_METHOD_MATCH = YES;
				COPY_PHASE_STRIP = NO;
				DEBUG_INFORMATION_FORMAT = "dwarf-with-dsym";
				ENABLE_NS_ASSERTIONS = NO;
				ENABLE_STRICT_OBJC_MSGSEND = YES;
				GCC_C_LANGUAGE_STANDARD = gnu11;
				GCC_NO_COMMON_BLOCKS = YES;
				GCC_WARN_64_TO_32_BIT_CONVERSION = YES;
				GCC_WARN_ABOUT_RETURN_TYPE = YES_ERROR;
				GCC_WARN_UNDECLARED_SELECTOR = YES;
				GCC_WARN_UNINITIALIZED_AUTOS = YES_AGGRESSIVE;
				GCC_WARN_UNUSED_FUNCTION = YES;
				GCC_WARN_UNUSED_VARIABLE = YES;
				IPHONEOS_DEPLOYMENT_TARGET = 16.1;
				MTL_ENABLE_DEBUG_INFO = NO;
				MTL_FAST_MATH = YES;
				SDKROOT = iphoneos;
				SWIFT_COMPILATION_MODE = wholemodule;
				SWIFT_OPTIMIZATION_LEVEL = "-O";
				VALIDATE_PRODUCT = YES;
			};
			name = Release;
		};
		BDAF32E52978C4A000F39930 /* Debug */ = {
			isa = XCBuildConfiguration;
			baseConfigurationReference = D109992FCB7DBCC81AF65A0E /* Pods-ExHealthKit.debug.xcconfig */;
			buildSettings = {
				ASSETCATALOG_COMPILER_APPICON_NAME = AppIcon;
				ASSETCATALOG_COMPILER_GLOBAL_ACCENT_COLOR_NAME = AccentColor;
				CODE_SIGN_STYLE = Automatic;
				CURRENT_PROJECT_VERSION = 1;
				DEVELOPMENT_TEAM = 99XDN4TU2D;
				GENERATE_INFOPLIST_FILE = YES;
				INFOPLIST_FILE = ExHealthKit/Info.plist;
				INFOPLIST_KEY_UIApplicationSupportsIndirectInputEvents = YES;
				INFOPLIST_KEY_UILaunchStoryboardName = LaunchScreen;
				INFOPLIST_KEY_UIMainStoryboardFile = Main;
				INFOPLIST_KEY_UISupportedInterfaceOrientations_iPad = "UIInterfaceOrientationPortrait UIInterfaceOrientationPortraitUpsideDown UIInterfaceOrientationLandscapeLeft UIInterfaceOrientationLandscapeRight";
				INFOPLIST_KEY_UISupportedInterfaceOrientations_iPhone = "UIInterfaceOrientationPortrait UIInterfaceOrientationLandscapeLeft UIInterfaceOrientationLandscapeRight";
				LD_RUNPATH_SEARCH_PATHS = (
					"$(inherited)",
					"@executable_path/Frameworks",
				);
				MARKETING_VERSION = 1.0;
				PRODUCT_BUNDLE_IDENTIFIER = com.exhealthkit.sample.ExHealthKit;
				PRODUCT_NAME = "$(TARGET_NAME)";
				SWIFT_EMIT_LOC_STRINGS = YES;
				SWIFT_VERSION = 5.0;
				TARGETED_DEVICE_FAMILY = "1,2";
			};
			name = Debug;
		};
		BDAF32E62978C4A000F39930 /* Release */ = {
			isa = XCBuildConfiguration;
			baseConfigurationReference = 2794C380898730302F7F9B4F /* Pods-ExHealthKit.release.xcconfig */;
			buildSettings = {
				ASSETCATALOG_COMPILER_APPICON_NAME = AppIcon;
				ASSETCATALOG_COMPILER_GLOBAL_ACCENT_COLOR_NAME = AccentColor;
				CODE_SIGN_STYLE = Automatic;
				CURRENT_PROJECT_VERSION = 1;
				DEVELOPMENT_TEAM = 99XDN4TU2D;
				GENERATE_INFOPLIST_FILE = YES;
				INFOPLIST_FILE = ExHealthKit/Info.plist;
				INFOPLIST_KEY_UIApplicationSupportsIndirectInputEvents = YES;
				INFOPLIST_KEY_UILaunchStoryboardName = LaunchScreen;
				INFOPLIST_KEY_UIMainStoryboardFile = Main;
				INFOPLIST_KEY_UISupportedInterfaceOrientations_iPad = "UIInterfaceOrientationPortrait UIInterfaceOrientationPortraitUpsideDown UIInterfaceOrientationLandscapeLeft UIInterfaceOrientationLandscapeRight";
				INFOPLIST_KEY_UISupportedInterfaceOrientations_iPhone = "UIInterfaceOrientationPortrait UIInterfaceOrientationLandscapeLeft UIInterfaceOrientationLandscapeRight";
				LD_RUNPATH_SEARCH_PATHS = (
					"$(inherited)",
					"@executable_path/Frameworks",
				);
				MARKETING_VERSION = 1.0;
				PRODUCT_BUNDLE_IDENTIFIER = com.exhealthkit.sample.ExHealthKit;
				PRODUCT_NAME = "$(TARGET_NAME)";
				SWIFT_EMIT_LOC_STRINGS = YES;
				SWIFT_VERSION = 5.0;
				TARGETED_DEVICE_FAMILY = "1,2";
			};
			name = Release;
		};
/* End XCBuildConfiguration section */

/* Begin XCConfigurationList section */
		BDAF32CB2978C49F00F39930 /* Build configuration list for PBXProject "ExHealthKit" */ = {
			isa = XCConfigurationList;
			buildConfigurations = (
				BDAF32E22978C4A000F39930 /* Debug */,
				BDAF32E32978C4A000F39930 /* Release */,
			);
			defaultConfigurationIsVisible = 0;
			defaultConfigurationName = Release;
		};
		BDAF32E42978C4A000F39930 /* Build configuration list for PBXNativeTarget "ExHealthKit" */ = {
			isa = XCConfigurationList;
			buildConfigurations = (
				BDAF32E52978C4A000F39930 /* Debug */,
				BDAF32E62978C4A000F39930 /* Release */,
			);
			defaultConfigurationIsVisible = 0;
			defaultConfigurationName = Release;
		};
/* End XCConfigurationList section */
	};
	rootObject = BDAF32C82978C49F00F39930 /* Project object */;
}
